{
  "requires": true,
  "lockfileVersion": 1,
  "dependencies": {
    "papaparse": {
      "version": "4.5.0",
      "resolved": "https://registry.npmjs.org/papaparse/-/papaparse-4.5.0.tgz",
      "integrity": "sha1-+2JdOQtuXVRNsgZYzjZlACw9joA="
    },
    "wink-helpers": {
      "version": "1.4.0",
      "resolved": "https://registry.npmjs.org/wink-helpers/-/wink-helpers-1.4.0.tgz",
      "integrity": "sha512-akDPEG8o+yfd5xDh57QngrCk5oz+Tf4fwpHuULwueZ50tv6bGC5AkixEIrcQ0I9D/kBzvNW8SygozTZ7xcC6fQ=="
    },
    "wink-naive-bayes-text-classifier": {
      "version": "1.1.4",
      "resolved": "https://registry.npmjs.org/wink-naive-bayes-text-classifier/-/wink-naive-bayes-text-classifier-1.1.4.tgz",
      "integrity": "sha512-MgmUaat6nkNbj1X0OxYCtsv5Lg0ZBg8HVePBEVObnRBgx96WfsdxmVw96NTmbF+dXGfp24iYXyd6+/yJuvncug==",
      "requires": {
        "wink-helpers": "1.4.0",
        "wink-nlp-utils": "1.9.0"
      }
    },
    "wink-nlp-utils": {
      "version": "1.9.0",
      "resolved": "https://registry.npmjs.org/wink-nlp-utils/-/wink-nlp-utils-1.9.0.tgz",
      "integrity": "sha512-7UnM0W74HWlxdtpvVWdCEqaR3gNlGa8T55rygceMPGOqxfuo0+C3UM+EctDSINhcr8N0V3XXeASvHTBD6mkAqw==",
      "requires": {
        "wink-helpers": "1.4.0",
        "wink-porter2-stemmer": "1.0.8",
        "wink-tokenizer": "4.0.0"
      }
    },
    "wink-porter2-stemmer": {
      "version": "1.0.8",
      "resolved": "https://registry.npmjs.org/wink-porter2-stemmer/-/wink-porter2-stemmer-1.0.8.tgz",
      "integrity": "sha512-2GexsQK9nvhF3/Pg1RAHIg+dXGAaxVAsOcgq/+EpM2GYaBpFZxKn9yaaH85OtwPZPIgb88MS8Z/iJaTDVCUC1g=="
    },
    "wink-tokenizer": {
      "version": "4.0.0",
      "resolved": "https://registry.npmjs.org/wink-tokenizer/-/wink-tokenizer-4.0.0.tgz",
      "integrity": "sha512-7vVzrO3mnLcDKzqc3IexF3ny402KkvcXlwiHvS+qttHze/YWRKbEyMqihShRtlJmVxUoSWMJh7CSgSNXCrUivg=="
    }
  }
}
